
Microsoft Visual Studio Solution File, Format Version 12.00
# Visual Studio Version 17
VisualStudioVersion = 17.12.35527.113
MinimumVisualStudioVersion = 10.0.40219.1
Project("{FAE04EC0-301F-11D3-BF4B-00C04F79EFBC}") = "utilities", "utilities\utilities.csproj", "{07D74679-2E73-458D-8274-3A6C5AC667DD}"
EndProject
Project("{930C7802-8A8C-48F9-8165-68863BCCD9DD}") = "Excel Addins", "Excel Addins\Excel Addins.wixproj", "{C1D9716D-7144-4841-952F-C03714BF970D}"
EndProject
Global
	GlobalSection(SolutionConfigurationPlatforms) = preSolution
		Debug|Any CPU = Debug|Any CPU
		Debug|x86 = Debug|x86
		Release|Any CPU = Release|Any CPU
		Release|x86 = Release|x86
	EndGlobalSection
	GlobalSection(ProjectConfigurationPlatforms) = postSolution
		{07D74679-2E73-458D-8274-3A6C5AC667DD}.Debug|Any CPU.ActiveCfg = Debug|Any CPU
		{07D74679-2E73-458D-8274-3A6C5AC667DD}.Debug|Any CPU.Build.0 = Debug|Any CPU
		{07D74679-2E73-458D-8274-3A6C5AC667DD}.Debug|x86.ActiveCfg = Debug|Any CPU
		{07D74679-2E73-458D-8274-3A6C5AC667DD}.Debug|x86.Build.0 = Debug|Any CPU
		{07D74679-2E73-458D-8274-3A6C5AC667DD}.Release|Any CPU.ActiveCfg = Release|Any CPU
		{07D74679-2E73-458D-8274-3A6C5AC667DD}.Release|Any CPU.Build.0 = Release|Any CPU
		{07D74679-2E73-458D-8274-3A6C5AC667DD}.Release|x86.ActiveCfg = Release|Any CPU
		{07D74679-2E73-458D-8274-3A6C5AC667DD}.Release|x86.Build.0 = Release|Any CPU
		{C1D9716D-7144-4841-952F-C03714BF970D}.Debug|Any CPU.ActiveCfg = Debug|x86
		{C1D9716D-7144-4841-952F-C03714BF970D}.Debug|Any CPU.Build.0 = Debug|x86
		{C1D9716D-7144-4841-952F-C03714BF970D}.Debug|x86.ActiveCfg = Debug|x86
		{C1D9716D-7144-4841-952F-C03714BF970D}.Debug|x86.Build.0 = Debug|x86
		{C1D9716D-7144-4841-952F-C03714BF970D}.Release|Any CPU.ActiveCfg = Release|x86
		{C1D9716D-7144-4841-952F-C03714BF970D}.Release|Any CPU.Build.0 = Release|x86
		{C1D9716D-7144-4841-952F-C03714BF970D}.Release|x86.ActiveCfg = Release|x86
		{C1D9716D-7144-4841-952F-C03714BF970D}.Release|x86.Build.0 = Release|x86
	EndGlobalSection
	GlobalSection(SolutionProperties) = preSolution
		HideSolutionNode = FALSE
	EndGlobalSection
EndGlobal
